
Microsoft Visual Studio Solution File, Format Version 12.00
# Visual Studio Version 16
VisualStudioVersion = 16.0.30907.101
MinimumVisualStudioVersion = 10.0.40219.1
Project("{9A19103F-16F7-4668-BE54-9A1E7A4F7556}") = "MCPArtNavi.Common", "MCPArtNavi.Common\MCPArtNavi.Common.csproj", "{164316CB-B20D-4CE0-94A7-FDB51DF63D68}"
EndProject
Project("{FAE04EC0-301F-11D3-BF4B-00C04F79EFBC}") = "MCPArtNavi.UserApp", "MCPArtNavi.UserApp\MCPArtNavi.UserApp.csproj", "{6702E706-BFF3-49D5-99BB-CD8DAE002FEF}"
EndProject
Project("{FAE04EC0-301F-11D3-BF4B-00C04F79EFBC}") = "MCPArtNavi.Importer", "MCPArtNavi.Importer\MCPArtNavi.Importer.csproj", "{46343EBE-E580-490D-8041-54574F45299D}"
EndProject
Project("{FAE04EC0-301F-11D3-BF4B-00C04F79EFBC}") = "MCPArtNavi.Importer.Check", "MCPArtNavi.Importer.Check\MCPArtNavi.Importer.Check.csproj", "{802EB535-4C03-46EC-B4A7-7C15286A2CC9}"
EndProject
Project("{FAE04EC0-301F-11D3-BF4B-00C04F79EFBC}") = "MCPArtNavi.Exporter", "MCPArtNavi.Exporter\MCPArtNavi.Exporter.csproj", "{49EABDBF-DF5A-4CD9-B292-BFEF1317A5AF}"
EndProject
Project("{FAE04EC0-301F-11D3-BF4B-00C04F79EFBC}") = "MCPArtNavi.Exporter.Check", "MCPArtNavi.Exporter.Check\MCPArtNavi.Exporter.Check.csproj", "{663F4C8F-1048-4655-B68E-509D803388C5}"
EndProject
Global
	GlobalSection(SolutionConfigurationPlatforms) = preSolution
		Debug|Any CPU = Debug|Any CPU
		Release|Any CPU = Release|Any CPU
	EndGlobalSection
	GlobalSection(ProjectConfigurationPlatforms) = postSolution
		{164316CB-B20D-4CE0-94A7-FDB51DF63D68}.Debug|Any CPU.ActiveCfg = Debug|Any CPU
		{164316CB-B20D-4CE0-94A7-FDB51DF63D68}.Debug|Any CPU.Build.0 = Debug|Any CPU
		{164316CB-B20D-4CE0-94A7-FDB51DF63D68}.Release|Any CPU.ActiveCfg = Release|Any CPU
		{164316CB-B20D-4CE0-94A7-FDB51DF63D68}.Release|Any CPU.Build.0 = Release|Any CPU
		{6702E706-BFF3-49D5-99BB-CD8DAE002FEF}.Debug|Any CPU.ActiveCfg = Debug|Any CPU
		{6702E706-BFF3-49D5-99BB-CD8DAE002FEF}.Debug|Any CPU.Build.0 = Debug|Any CPU
		{6702E706-BFF3-49D5-99BB-CD8DAE002FEF}.Release|Any CPU.ActiveCfg = Release|Any CPU
		{6702E706-BFF3-49D5-99BB-CD8DAE002FEF}.Release|Any CPU.Build.0 = Release|Any CPU
		{46343EBE-E580-490D-8041-54574F45299D}.Debug|Any CPU.ActiveCfg = Debug|Any CPU
		{46343EBE-E580-490D-8041-54574F45299D}.Debug|Any CPU.Build.0 = Debug|Any CPU
		{46343EBE-E580-490D-8041-54574F45299D}.Release|Any CPU.ActiveCfg = Release|Any CPU
		{46343EBE-E580-490D-8041-54574F45299D}.Release|Any CPU.Build.0 = Release|Any CPU
		{802EB535-4C03-46EC-B4A7-7C15286A2CC9}.Debug|Any CPU.ActiveCfg = Debug|Any CPU
		{802EB535-4C03-46EC-B4A7-7C15286A2CC9}.Debug|Any CPU.Build.0 = Debug|Any CPU
		{802EB535-4C03-46EC-B4A7-7C15286A2CC9}.Release|Any CPU.ActiveCfg = Release|Any CPU
		{802EB535-4C03-46EC-B4A7-7C15286A2CC9}.Release|Any CPU.Build.0 = Release|Any CPU
		{49EABDBF-DF5A-4CD9-B292-BFEF1317A5AF}.Debug|Any CPU.ActiveCfg = Debug|Any CPU
		{49EABDBF-DF5A-4CD9-B292-BFEF1317A5AF}.Debug|Any CPU.Build.0 = Debug|Any CPU
		{49EABDBF-DF5A-4CD9-B292-BFEF1317A5AF}.Release|Any CPU.ActiveCfg = Release|Any CPU
		{49EABDBF-DF5A-4CD9-B292-BFEF1317A5AF}.Release|Any CPU.Build.0 = Release|Any CPU
		{663F4C8F-1048-4655-B68E-509D803388C5}.Debug|Any CPU.ActiveCfg = Debug|Any CPU
		{663F4C8F-1048-4655-B68E-509D803388C5}.Debug|Any CPU.Build.0 = Debug|Any CPU
		{663F4C8F-1048-4655-B68E-509D803388C5}.Release|Any CPU.ActiveCfg = Release|Any CPU
		{663F4C8F-1048-4655-B68E-509D803388C5}.Release|Any CPU.Build.0 = Release|Any CPU
	EndGlobalSection
	GlobalSection(SolutionProperties) = preSolution
		HideSolutionNode = FALSE
	EndGlobalSection
	GlobalSection(ExtensibilityGlobals) = postSolution
		SolutionGuid = {D2ED17FC-AE45-484D-99CD-22067F259238}
	EndGlobalSection
EndGlobal
